{
    "_readme": [
        "This file locks the dependencies of your project to a known state",
        "Read more about it at https://getcomposer.org/doc/01-basic-usage.md#installing-dependencies",
        "This file is @generated automatically"
    ],
    "content-hash": "fc2e91ff88417cae62f3d53a5c189c7d",
    "packages": [],
    "packages-dev": [
        {
            "name": "php-sage/sage",
            "version": "v1.2.21",
            "source": {
                "type": "git",
                "url": "https://github.com/php-sage/sage.git",
                "reference": "7f82761d5a8ddba6f019ca2a47fe43a35cfc8a94"
            },
            "dist": {
                "type": "zip",
                "url": "https://api.github.com/repos/php-sage/sage/zipball/7f82761d5a8ddba6f019ca2a47fe43a35cfc8a94",
                "reference": "7f82761d5a8ddba6f019ca2a47fe43a35cfc8a94",
                "shasum": ""
            },
            "require": {
                "php": ">=5.1.0"
            },
            "require-dev": {
                "seld/phar-utils": "^1.2",
                "symfony/finder": "^3.0 || ^4.0 || ^5.0"
            },
            "type": "library",
            "autoload": {
                "files": [
                    "Sage.php"
                ]
            },
            "notification-url": "https://packagist.org/downloads/",
            "license": [
                "MIT"
            ],
            "authors": [
                {
                    "name": "Rokas Šleinius",
                    "homepage": "https://github.com/raveren"
                },
                {
                    "name": "Contributors",
                    "homepage": "https://github.com/phpsage/sage/contributors"
                }
            ],
            "description": "☯ Insightful PHP debugging assistant.",
            "homepage": "https://github.com/phpsage/sage",
            "keywords": [
                "debug",
                "debug_backtrace",
                "json_decode",
                "php",
                "sage",
                "var_dup"
            ],
            "support": {
                "issues": "https://github.com/php-sage/sage/issues",
                "source": "https://github.com/php-sage/sage/tree/v1.2.21"
            },
            "time": "2022-04-07T16:33:15+00:00"
        }
    ],
    "aliases": [],
    "minimum-stability": "stable",
    "stability-flags": [],
    "prefer-stable": false,
    "prefer-lowest": false,
    "platform": {
        "ext-dom": "*",
        "ext-simplexml": "*",
        "ext-curl": "*"
    },
    "platform-dev": [],
    "plugin-api-version": "2.1.0"
}
